
Microsoft Visual Studio Solution File, Format Version 12.00
# Visual Studio Version 18
VisualStudioVersion = 18.2.11415.280
MinimumVisualStudioVersion = 10.0.40219.1
Project("{FAE04EC0-301F-11D3-BF4B-00C04F79EFBC}") = "CSharpIO", "CSharpIO\CSharpIO.csproj", "{0B5061BA-4C9B-4350-9AE9-82629E54507D}"
EndProject
Project("{FAE04EC0-301F-11D3-BF4B-00C04F79EFBC}") = "Sym", "Sym\Sym.csproj", "{19E287FF-A514-4D8A-8D79-368892C1ABC4}"
EndProject
Project("{FAE04EC0-301F-11D3-BF4B-00C04F79EFBC}") = "SymCore", "SymCore\SymCore.csproj", "{47D180D3-61BD-4991-877E-D24C068B4ADA}"
EndProject
Project("{FAE04EC0-301F-11D3-BF4B-00C04F79EFBC}") = "CSharpIO.Tests", "CSharpIO.Tests\CSharpIO.Tests.csproj", "{9BEF661F-8F19-4B21-B11B-B92F2DB481DD}"
EndProject
Project("{FAE04EC0-301F-11D3-BF4B-00C04F79EFBC}") = "Sym.Tests", "Sym.Tests\Sym.Tests.csproj", "{11A3EF0D-CC98-40A0-913D-ECE815765EA3}"
EndProject
Project("{FAE04EC0-301F-11D3-BF4B-00C04F79EFBC}") = "SymCore.Tests", "SymCore.Tests\SymCore.Tests.csproj", "{FCFC3FC9-07BB-40BA-BF43-06F1E2FFB10E}"
EndProject
Project("{FAE04EC0-301F-11D3-BF4B-00C04F79EFBC}") = "SymRules", "SymRules\SymRules.csproj", "{78489592-BF10-45D4-A172-E4AD52ED62E7}"
EndProject
Project("{FAE04EC0-301F-11D3-BF4B-00C04F79EFBC}") = "SymRules.Tests", "SymRules.Tests\SymRules.Tests.csproj", "{D7395965-EFED-475C-9C81-E710A9F72127}"
EndProject
Project("{FAE04EC0-301F-11D3-BF4B-00C04F79EFBC}") = "WordsToSym", "WordsToSym\WordsToSym.csproj", "{0FF372DB-E06A-4174-BC59-851EBE715AB6}"
EndProject
Project("{FAE04EC0-301F-11D3-BF4B-00C04F79EFBC}") = "WordsToSym.Tests", "WordsToSym.Tests\WordsToSym.Tests.csproj", "{BC16BB7F-E176-4F00-A05F-41AC200EF3F0}"
EndProject
Project("{FAE04EC0-301F-11D3-BF4B-00C04F79EFBC}") = "SymSolvers", "SymSolvers\SymSolvers.csproj", "{746BC8B6-7EE4-5FE2-ED04-E65836A52409}"
EndProject
Project("{FAE04EC0-301F-11D3-BF4B-00C04F79EFBC}") = "SymEGraph.Tests", "SymEGraph.Tests\SymEGraph.Tests.csproj", "{3E72AFA6-440D-D9A0-7E06-B0CA7DE7771B}"
EndProject
Project("{FAE04EC0-301F-11D3-BF4B-00C04F79EFBC}") = "SymSolvers.Tests", "SymSolvers.Tests\SymSolvers.Tests.csproj", "{D00B5F20-17FE-215A-6D11-8299C055180F}"
EndProject
Project("{FAE04EC0-301F-11D3-BF4B-00C04F79EFBC}") = "SymCLI", "SymCLI\SymCLI.csproj", "{A40656F1-868E-4504-B16F-B1200CC546A2}"
EndProject
Project("{FAE04EC0-301F-11D3-BF4B-00C04F79EFBC}") = "SymCLI.Tests", "SymCLI.Tests\SymCLI.Tests.csproj", "{6A812AA6-D1FA-4C0A-960F-19D22BD4CE6E}"
EndProject
Project("{FAE04EC0-301F-11D3-BF4B-00C04F79EFBC}") = "SymCore.Coverage.Tests", "SymCore.Coverage.Tests\SymCore.Coverage.Tests.csproj", "{15EB4124-E99D-4A9C-B77A-5F7382105576}"
EndProject
Project("{FAE04EC0-301F-11D3-BF4B-00C04F79EFBC}") = "HAMM", "HAMM\HAMM.csproj", "{4D27FCFA-3936-4007-BDA3-355360191C3D}"
EndProject
Project("{FAE04EC0-301F-11D3-BF4B-00C04F79EFBC}") = "HAMM.Tests", "HAMM.Tests\HAMM.Tests.csproj", "{9772E8F3-CA39-45AB-BCB4-756AD0BA333D}"
EndProject
Project("{FAE04EC0-301F-11D3-BF4B-00C04F79EFBC}") = "AGIHelmsman", "AGIMynd\AGIHelmsman\AGIHelmsman.csproj", "{BC3C3446-B6C8-F46F-9DA2-39FA0D858F9C}"
EndProject
Project("{FAE04EC0-301F-11D3-BF4B-00C04F79EFBC}") = "AGIHelmsman.Tests", "AGIMynd\AGIHelmsman.Tests\AGIHelmsman.Tests.csproj", "{270F8B01-84AC-85B7-5BC7-48E1A2FE5CD8}"
EndProject
Project("{FAE04EC0-301F-11D3-BF4B-00C04F79EFBC}") = "AGIMynd", "AGIMynd\AGIMynd\AGIMynd.csproj", "{7BF784A9-A6A8-E3F6-3B5F-45D2BBCCB5DC}"
EndProject
Project("{FAE04EC0-301F-11D3-BF4B-00C04F79EFBC}") = "AGIMynd.CLI", "AGIMynd\AGIMynd.CLI\AGIMynd.CLI.csproj", "{D6949FE7-0769-B8B0-8D62-E8013AD1A582}"
EndProject
Project("{FAE04EC0-301F-11D3-BF4B-00C04F79EFBC}") = "AGIMyndWPF", "AGIMynd\AGIMyndWPF\AGIMyndWPF.csproj", "{93CA1957-618C-F87B-8ACD-EF04FDBED794}"
EndProject
Project("{FAE04EC0-301F-11D3-BF4B-00C04F79EFBC}") = "ConsoleHelmsman", "AGIMynd\ConsoleHelmsman\ConsoleHelmsman.csproj", "{CB212EDE-452E-468D-4FF2-9607CAF9B24F}"
EndProject
Project("{FAE04EC0-301F-11D3-BF4B-00C04F79EFBC}") = "ConsoleHelmsman.Tests", "AGIMynd\ConsoleHelmsman.Tests\ConsoleHelmsman.Tests.csproj", "{B83EA6F8-F544-8EB5-349E-4AC507CD0BD2}"
EndProject
Project("{FAE04EC0-301F-11D3-BF4B-00C04F79EFBC}") = "HeadlessHelmsman", "AGIMynd\HeadlessHelmsman\HeadlessHelmsman.csproj", "{7B146605-27D0-3A41-7CA8-2EFD5F510BBF}"
EndProject
Project("{FAE04EC0-301F-11D3-BF4B-00C04F79EFBC}") = "SwitchLLM", "AGIMynd\LLMProjects\SwitchLLM\SwitchLLM.csproj", "{BA34D6F9-3FA0-6FEA-783A-DC67BADFC39C}"
EndProject
Project("{FAE04EC0-301F-11D3-BF4B-00C04F79EFBC}") = "OpenRouter", "AGIMynd\LLMProjects\OpenRouter\OpenRouter.csproj", "{E7DDEDFF-C698-4D98-47B9-45B1FB2A6052}"
EndProject
Project("{FAE04EC0-301F-11D3-BF4B-00C04F79EFBC}") = "OpenAILLM", "AGIMynd\LLMProjects\OpenAILLM\OpenAILLM.csproj", "{274D5632-7D14-E985-AA41-13826A532431}"
EndProject
Project("{FAE04EC0-301F-11D3-BF4B-00C04F79EFBC}") = "LocalLLM", "AGIMynd\LLMProjects\LocalLLM\LocalLLM.csproj", "{BA75AC60-E470-CA34-4FDD-0C57E2328F16}"
EndProject
Project("{FAE04EC0-301F-11D3-BF4B-00C04F79EFBC}") = "DriveCLI", "DriveCLI\DriveCLI.csproj", "{B3CA0FD9-04E2-4CAC-97EC-71DFF730685C}"
EndProject
Project("{FAE04EC0-301F-11D3-BF4B-00C04F79EFBC}") = "DriveCLI.Tests", "DriveCLI.Tests\DriveCLI.Tests.csproj", "{49991BC5-B084-462A-9CF7-0DD5D2729832}"
EndProject
Project("{FAE04EC0-301F-11D3-BF4B-00C04F79EFBC}") = "SymBlazor", "SymBlazor\SymBlazor.csproj", "{DA755907-00FE-39E5-405B-8AF3120FE908}"
EndProject
Project("{FAE04EC0-301F-11D3-BF4B-00C04F79EFBC}") = "UnzipRepos", "UnzipRepos\UnzipRepos.csproj", "{5E51DA30-3394-4C83-932C-08D0C30BC472}"
EndProject
Project("{FAE04EC0-301F-11D3-BF4B-00C04F79EFBC}") = "SymTools", "SymTools\SymTools.csproj", "{598645F7-71C6-4A12-9C61-E03EEA7B4A27}"
EndProject
Project("{FAE04EC0-301F-11D3-BF4B-00C04F79EFBC}") = "SymTools.Tests", "SymTools.Tests\SymTools.Tests.csproj", "{103AAC20-A242-4201-828D-0894C6005C08}"
EndProject
Project("{FAE04EC0-301F-11D3-BF4B-00C04F79EFBC}") = "CobraBench", "CobraBench\CobraBench.csproj", "{3A828F99-AE8E-4B09-A28E-31E7CC7F8766}"
EndProject
Project("{FAE04EC0-301F-11D3-BF4B-00C04F79EFBC}") = "SymCobra", "SymCobra\SymCobra.csproj", "{14845F43-E514-494A-B0AC-539EE7112C8A}"
EndProject
Project("{FAE04EC0-301F-11D3-BF4B-00C04F79EFBC}") = "SymMCP", "SymMCP\SymMCP.csproj", "{74B74258-2047-46EA-A6B8-CC5955BE1F57}"
EndProject
Project("{FAE04EC0-301F-11D3-BF4B-00C04F79EFBC}") = "SymMCP.Tests", "SymMCP.Tests\SymMCP.Tests.csproj", "{DA695EE7-9530-478B-B61B-E93BD1AA37DF}"
EndProject
Project("{FAE04EC0-301F-11D3-BF4B-00C04F79EFBC}") = "McpKeys.Core", "McpKeys.Core\McpKeys.Core.csproj", "{6B1D80FD-D69C-4728-BDE1-9533151675FA}"
EndProject
Project("{FAE04EC0-301F-11D3-BF4B-00C04F79EFBC}") = "McpKeys", "McpKeys\McpKeys.csproj", "{1C5D1101-BA7D-4B78-8683-46C49AA58D2F}"
EndProject
Project("{FAE04EC0-301F-11D3-BF4B-00C04F79EFBC}") = "McpKeys.Tests", "McpKeys.Tests\McpKeys.Tests.csproj", "{4F597664-A607-4260-90C9-0755E1522CF7}"
EndProject
Global
	GlobalSection(SolutionConfigurationPlatforms) = preSolution
		Debug|Any CPU = Debug|Any CPU
		Debug|x64 = Debug|x64
		Debug|x86 = Debug|x86
		Release|Any CPU = Release|Any CPU
		Release|x64 = Release|x64
		Release|x86 = Release|x86
	EndGlobalSection
	GlobalSection(ProjectConfigurationPlatforms) = postSolution
		{0B5061BA-4C9B-4350-9AE9-82629E54507D}.Debug|Any CPU.ActiveCfg = Debug|Any CPU
		{0B5061BA-4C9B-4350-9AE9-82629E54507D}.Debug|Any CPU.Build.0 = Debug|Any CPU
		{0B5061BA-4C9B-4350-9AE9-82629E54507D}.Debug|x64.ActiveCfg = Debug|Any CPU
		{0B5061BA-4C9B-4350-9AE9-82629E54507D}.Debug|x64.Build.0 = Debug|Any CPU
		{0B5061BA-4C9B-4350-9AE9-82629E54507D}.Debug|x86.ActiveCfg = Debug|Any CPU
		{0B5061BA-4C9B-4350-9AE9-82629E54507D}.Debug|x86.Build.0 = Debug|Any CPU
		{0B5061BA-4C9B-4350-9AE9-82629E54507D}.Release|Any CPU.ActiveCfg = Release|Any CPU
		{0B5061BA-4C9B-4350-9AE9-82629E54507D}.Release|Any CPU.Build.0 = Release|Any CPU
		{0B5061BA-4C9B-4350-9AE9-82629E54507D}.Release|x64.ActiveCfg = Release|Any CPU
		{0B5061BA-4C9B-4350-9AE9-82629E54507D}.Release|x64.Build.0 = Release|Any CPU
		{0B5061BA-4C9B-4350-9AE9-82629E54507D}.Release|x86.ActiveCfg = Release|Any CPU
		{0B5061BA-4C9B-4350-9AE9-82629E54507D}.Release|x86.Build.0 = Release|Any CPU
		{19E287FF-A514-4D8A-8D79-368892C1ABC4}.Debug|Any CPU.ActiveCfg = Debug|Any CPU
		{19E287FF-A514-4D8A-8D79-368892C1ABC4}.Debug|Any CPU.Build.0 = Debug|Any CPU
		{19E287FF-A514-4D8A-8D79-368892C1ABC4}.Debug|x64.ActiveCfg = Debug|Any CPU
		{19E287FF-A514-4D8A-8D79-368892C1ABC4}.Debug|x64.Build.0 = Debug|Any CPU
		{19E287FF-A514-4D8A-8D79-368892C1ABC4}.Debug|x86.ActiveCfg = Debug|Any CPU
		{19E287FF-A514-4D8A-8D79-368892C1ABC4}.Debug|x86.Build.0 = Debug|Any CPU
		{19E287FF-A514-4D8A-8D79-368892C1ABC4}.Release|Any CPU.ActiveCfg = Release|Any CPU
		{19E287FF-A514-4D8A-8D79-368892C1ABC4}.Release|Any CPU.Build.0 = Release|Any CPU
		{19E287FF-A514-4D8A-8D79-368892C1ABC4}.Release|x64.ActiveCfg = Release|Any CPU
		{19E287FF-A514-4D8A-8D79-368892C1ABC4}.Release|x64.Build.0 = Release|Any CPU
		{19E287FF-A514-4D8A-8D79-368892C1ABC4}.Release|x86.ActiveCfg = Release|Any CPU
		{19E287FF-A514-4D8A-8D79-368892C1ABC4}.Release|x86.Build.0 = Release|Any CPU
		{47D180D3-61BD-4991-877E-D24C068B4ADA}.Debug|Any CPU.ActiveCfg = Debug|Any CPU
		{47D180D3-61BD-4991-877E-D24C068B4ADA}.Debug|Any CPU.Build.0 = Debug|Any CPU
		{47D180D3-61BD-4991-877E-D24C068B4ADA}.Debug|x64.ActiveCfg = Debug|Any CPU
		{47D180D3-61BD-4991-877E-D24C068B4ADA}.Debug|x64.Build.0 = Debug|Any CPU
		{47D180D3-61BD-4991-877E-D24C068B4ADA}.Debug|x86.ActiveCfg = Debug|Any CPU
		{47D180D3-61BD-4991-877E-D24C068B4ADA}.Debug|x86.Build.0 = Debug|Any CPU
		{47D180D3-61BD-4991-877E-D24C068B4ADA}.Release|Any CPU.ActiveCfg = Release|Any CPU
		{47D180D3-61BD-4991-877E-D24C068B4ADA}.Release|Any CPU.Build.0 = Release|Any CPU
		{47D180D3-61BD-4991-877E-D24C068B4ADA}.Release|x64.ActiveCfg = Release|Any CPU
		{47D180D3-61BD-4991-877E-D24C068B4ADA}.Release|x64.Build.0 = Release|Any CPU
		{47D180D3-61BD-4991-877E-D24C068B4ADA}.Release|x86.ActiveCfg = Release|Any CPU
		{47D180D3-61BD-4991-877E-D24C068B4ADA}.Release|x86.Build.0 = Release|Any CPU
		{9BEF661F-8F19-4B21-B11B-B92F2DB481DD}.Debug|Any CPU.ActiveCfg = Debug|Any CPU
		{9BEF661F-8F19-4B21-B11B-B92F2DB481DD}.Debug|Any CPU.Build.0 = Debug|Any CPU
		{9BEF661F-8F19-4B21-B11B-B92F2DB481DD}.Debug|x64.ActiveCfg = Debug|Any CPU
		{9BEF661F-8F19-4B21-B11B-B92F2DB481DD}.Debug|x64.Build.0 = Debug|Any CPU
		{9BEF661F-8F19-4B21-B11B-B92F2DB481DD}.Debug|x86.ActiveCfg = Debug|Any CPU
		{9BEF661F-8F19-4B21-B11B-B92F2DB481DD}.Debug|x86.Build.0 = Debug|Any CPU
		{9BEF661F-8F19-4B21-B11B-B92F2DB481DD}.Release|Any CPU.ActiveCfg = Release|Any CPU
		{9BEF661F-8F19-4B21-B11B-B92F2DB481DD}.Release|Any CPU.Build.0 = Release|Any CPU
		{9BEF661F-8F19-4B21-B11B-B92F2DB481DD}.Release|x64.ActiveCfg = Release|Any CPU
		{9BEF661F-8F19-4B21-B11B-B92F2DB481DD}.Release|x64.Build.0 = Release|Any CPU
		{9BEF661F-8F19-4B21-B11B-B92F2DB481DD}.Release|x86.ActiveCfg = Release|Any CPU
		{9BEF661F-8F19-4B21-B11B-B92F2DB481DD}.Release|x86.Build.0 = Release|Any CPU
		{11A3EF0D-CC98-40A0-913D-ECE815765EA3}.Debug|Any CPU.ActiveCfg = Debug|Any CPU
		{11A3EF0D-CC98-40A0-913D-ECE815765EA3}.Debug|Any CPU.Build.0 = Debug|Any CPU
		{11A3EF0D-CC98-40A0-913D-ECE815765EA3}.Debug|x64.ActiveCfg = Debug|Any CPU
		{11A3EF0D-CC98-40A0-913D-ECE815765EA3}.Debug|x64.Build.0 = Debug|Any CPU
		{11A3EF0D-CC98-40A0-913D-ECE815765EA3}.Debug|x86.ActiveCfg = Debug|Any CPU
		{11A3EF0D-CC98-40A0-913D-ECE815765EA3}.Debug|x86.Build.0 = Debug|Any CPU
		{11A3EF0D-CC98-40A0-913D-ECE815765EA3}.Release|Any CPU.ActiveCfg = Release|Any CPU
		{11A3EF0D-CC98-40A0-913D-ECE815765EA3}.Release|Any CPU.Build.0 = Release|Any CPU
		{11A3EF0D-CC98-40A0-913D-ECE815765EA3}.Release|x64.ActiveCfg = Release|Any CPU
		{11A3EF0D-CC98-40A0-913D-ECE815765EA3}.Release|x64.Build.0 = Release|Any CPU
		{11A3EF0D-CC98-40A0-913D-ECE815765EA3}.Release|x86.ActiveCfg = Release|Any CPU
		{11A3EF0D-CC98-40A0-913D-ECE815765EA3}.Release|x86.Build.0 = Release|Any CPU
		{FCFC3FC9-07BB-40BA-BF43-06F1E2FFB10E}.Debug|Any CPU.ActiveCfg = Debug|Any CPU
		{FCFC3FC9-07BB-40BA-BF43-06F1E2FFB10E}.Debug|Any CPU.Build.0 = Debug|Any CPU
		{FCFC3FC9-07BB-40BA-BF43-06F1E2FFB10E}.Debug|x64.ActiveCfg = Debug|Any CPU
		{FCFC3FC9-07BB-40BA-BF43-06F1E2FFB10E}.Debug|x64.Build.0 = Debug|Any CPU
		{FCFC3FC9-07BB-40BA-BF43-06F1E2FFB10E}.Debug|x86.ActiveCfg = Debug|Any CPU
		{FCFC3FC9-07BB-40BA-BF43-06F1E2FFB10E}.Debug|x86.Build.0 = Debug|Any CPU
		{FCFC3FC9-07BB-40BA-BF43-06F1E2FFB10E}.Release|Any CPU.ActiveCfg = Release|Any CPU
		{FCFC3FC9-07BB-40BA-BF43-06F1E2FFB10E}.Release|Any CPU.Build.0 = Release|Any CPU
		{FCFC3FC9-07BB-40BA-BF43-06F1E2FFB10E}.Release|x64.ActiveCfg = Release|Any CPU
		{FCFC3FC9-07BB-40BA-BF43-06F1E2FFB10E}.Release|x64.Build.0 = Release|Any CPU
		{FCFC3FC9-07BB-40BA-BF43-06F1E2FFB10E}.Release|x86.ActiveCfg = Release|Any CPU
		{FCFC3FC9-07BB-40BA-BF43-06F1E2FFB10E}.Release|x86.Build.0 = Release|Any CPU
		{78489592-BF10-45D4-A172-E4AD52ED62E7}.Debug|Any CPU.ActiveCfg = Debug|Any CPU
		{78489592-BF10-45D4-A172-E4AD52ED62E7}.Debug|Any CPU.Build.0 = Debug|Any CPU
		{78489592-BF10-45D4-A172-E4AD52ED62E7}.Debug|x64.ActiveCfg = Debug|Any CPU
		{78489592-BF10-45D4-A172-E4AD52ED62E7}.Debug|x64.Build.0 = Debug|Any CPU
		{78489592-BF10-45D4-A172-E4AD52ED62E7}.Debug|x86.ActiveCfg = Debug|Any CPU
		{78489592-BF10-45D4-A172-E4AD52ED62E7}.Debug|x86.Build.0 = Debug|Any CPU
		{78489592-BF10-45D4-A172-E4AD52ED62E7}.Release|Any CPU.ActiveCfg = Release|Any CPU
		{78489592-BF10-45D4-A172-E4AD52ED62E7}.Release|Any CPU.Build.0 = Release|Any CPU
		{78489592-BF10-45D4-A172-E4AD52ED62E7}.Release|x64.ActiveCfg = Release|Any CPU
		{78489592-BF10-45D4-A172-E4AD52ED62E7}.Release|x64.Build.0 = Release|Any CPU
		{78489592-BF10-45D4-A172-E4AD52ED62E7}.Release|x86.ActiveCfg = Release|Any CPU
		{78489592-BF10-45D4-A172-E4AD52ED62E7}.Release|x86.Build.0 = Release|Any CPU
		{D7395965-EFED-475C-9C81-E710A9F72127}.Debug|Any CPU.ActiveCfg = Debug|Any CPU
		{D7395965-EFED-475C-9C81-E710A9F72127}.Debug|Any CPU.Build.0 = Debug|Any CPU
		{D7395965-EFED-475C-9C81-E710A9F72127}.Debug|x64.ActiveCfg = Debug|Any CPU
		{D7395965-EFED-475C-9C81-E710A9F72127}.Debug|x64.Build.0 = Debug|Any CPU
		{D7395965-EFED-475C-9C81-E710A9F72127}.Debug|x86.ActiveCfg = Debug|Any CPU
		{D7395965-EFED-475C-9C81-E710A9F72127}.Debug|x86.Build.0 = Debug|Any CPU
		{D7395965-EFED-475C-9C81-E710A9F72127}.Release|Any CPU.ActiveCfg = Release|Any CPU
		{D7395965-EFED-475C-9C81-E710A9F72127}.Release|Any CPU.Build.0 = Release|Any CPU
		{D7395965-EFED-475C-9C81-E710A9F72127}.Release|x64.ActiveCfg = Release|Any CPU
		{D7395965-EFED-475C-9C81-E710A9F72127}.Release|x64.Build.0 = Release|Any CPU
		{D7395965-EFED-475C-9C81-E710A9F72127}.Release|x86.ActiveCfg = Release|Any CPU
		{D7395965-EFED-475C-9C81-E710A9F72127}.Release|x86.Build.0 = Release|Any CPU
		{0FF372DB-E06A-4174-BC59-851EBE715AB6}.Debug|Any CPU.ActiveCfg = Debug|Any CPU
		{0FF372DB-E06A-4174-BC59-851EBE715AB6}.Debug|Any CPU.Build.0 = Debug|Any CPU
		{0FF372DB-E06A-4174-BC59-851EBE715AB6}.Debug|x64.ActiveCfg = Debug|Any CPU
		{0FF372DB-E06A-4174-BC59-851EBE715AB6}.Debug|x64.Build.0 = Debug|Any CPU
		{0FF372DB-E06A-4174-BC59-851EBE715AB6}.Debug|x86.ActiveCfg = Debug|Any CPU
		{0FF372DB-E06A-4174-BC59-851EBE715AB6}.Debug|x86.Build.0 = Debug|Any CPU
		{0FF372DB-E06A-4174-BC59-851EBE715AB6}.Release|Any CPU.ActiveCfg = Release|Any CPU
		{0FF372DB-E06A-4174-BC59-851EBE715AB6}.Release|Any CPU.Build.0 = Release|Any CPU
		{0FF372DB-E06A-4174-BC59-851EBE715AB6}.Release|x64.ActiveCfg = Release|Any CPU
		{0FF372DB-E06A-4174-BC59-851EBE715AB6}.Release|x64.Build.0 = Release|Any CPU
		{0FF372DB-E06A-4174-BC59-851EBE715AB6}.Release|x86.ActiveCfg = Release|Any CPU
		{0FF372DB-E06A-4174-BC59-851EBE715AB6}.Release|x86.Build.0 = Release|Any CPU
		{BC16BB7F-E176-4F00-A05F-41AC200EF3F0}.Debug|Any CPU.ActiveCfg = Debug|Any CPU
		{BC16BB7F-E176-4F00-A05F-41AC200EF3F0}.Debug|Any CPU.Build.0 = Debug|Any CPU
		{BC16BB7F-E176-4F00-A05F-41AC200EF3F0}.Debug|x64.ActiveCfg = Debug|Any CPU
		{BC16BB7F-E176-4F00-A05F-41AC200EF3F0}.Debug|x64.Build.0 = Debug|Any CPU
		{BC16BB7F-E176-4F00-A05F-41AC200EF3F0}.Debug|x86.ActiveCfg = Debug|Any CPU
		{BC16BB7F-E176-4F00-A05F-41AC200EF3F0}.Debug|x86.Build.0 = Debug|Any CPU
		{BC16BB7F-E176-4F00-A05F-41AC200EF3F0}.Release|Any CPU.ActiveCfg = Release|Any CPU
		{BC16BB7F-E176-4F00-A05F-41AC200EF3F0}.Release|Any CPU.Build.0 = Release|Any CPU
		{BC16BB7F-E176-4F00-A05F-41AC200EF3F0}.Release|x64.ActiveCfg = Release|Any CPU
		{BC16BB7F-E176-4F00-A05F-41AC200EF3F0}.Release|x64.Build.0 = Release|Any CPU
		{BC16BB7F-E176-4F00-A05F-41AC200EF3F0}.Release|x86.ActiveCfg = Release|Any CPU
		{BC16BB7F-E176-4F00-A05F-41AC200EF3F0}.Release|x86.Build.0 = Release|Any CPU
		{746BC8B6-7EE4-5FE2-ED04-E65836A52409}.Debug|Any CPU.ActiveCfg = Debug|Any CPU
		{746BC8B6-7EE4-5FE2-ED04-E65836A52409}.Debug|Any CPU.Build.0 = Debug|Any CPU
		{746BC8B6-7EE4-5FE2-ED04-E65836A52409}.Debug|x64.ActiveCfg = Debug|Any CPU
		{746BC8B6-7EE4-5FE2-ED04-E65836A52409}.Debug|x64.Build.0 = Debug|Any CPU
		{746BC8B6-7EE4-5FE2-ED04-E65836A52409}.Debug|x86.ActiveCfg = Debug|Any CPU
		{746BC8B6-7EE4-5FE2-ED04-E65836A52409}.Debug|x86.Build.0 = Debug|Any CPU
		{746BC8B6-7EE4-5FE2-ED04-E65836A52409}.Release|Any CPU.ActiveCfg = Release|Any CPU
		{746BC8B6-7EE4-5FE2-ED04-E65836A52409}.Release|Any CPU.Build.0 = Release|Any CPU
		{746BC8B6-7EE4-5FE2-ED04-E65836A52409}.Release|x64.ActiveCfg = Release|Any CPU
		{746BC8B6-7EE4-5FE2-ED04-E65836A52409}.Release|x64.Build.0 = Release|Any CPU
		{746BC8B6-7EE4-5FE2-ED04-E65836A52409}.Release|x86.ActiveCfg = Release|Any CPU
		{746BC8B6-7EE4-5FE2-ED04-E65836A52409}.Release|x86.Build.0 = Release|Any CPU
		{3E72AFA6-440D-D9A0-7E06-B0CA7DE7771B}.Debug|Any CPU.ActiveCfg = Debug|Any CPU
		{3E72AFA6-440D-D9A0-7E06-B0CA7DE7771B}.Debug|Any CPU.Build.0 = Debug|Any CPU
		{3E72AFA6-440D-D9A0-7E06-B0CA7DE7771B}.Debug|x64.ActiveCfg = Debug|Any CPU
		{3E72AFA6-440D-D9A0-7E06-B0CA7DE7771B}.Debug|x64.Build.0 = Debug|Any CPU
		{3E72AFA6-440D-D9A0-7E06-B0CA7DE7771B}.Debug|x86.ActiveCfg = Debug|Any CPU
		{3E72AFA6-440D-D9A0-7E06-B0CA7DE7771B}.Debug|x86.Build.0 = Debug|Any CPU
		{3E72AFA6-440D-D9A0-7E06-B0CA7DE7771B}.Release|Any CPU.ActiveCfg = Release|Any CPU
		{3E72AFA6-440D-D9A0-7E06-B0CA7DE7771B}.Release|Any CPU.Build.0 = Release|Any CPU
		{3E72AFA6-440D-D9A0-7E06-B0CA7DE7771B}.Release|x64.ActiveCfg = Release|Any CPU
		{3E72AFA6-440D-D9A0-7E06-B0CA7DE7771B}.Release|x64.Build.0 = Release|Any CPU
		{3E72AFA6-440D-D9A0-7E06-B0CA7DE7771B}.Release|x86.ActiveCfg = Release|Any CPU
		{3E72AFA6-440D-D9A0-7E06-B0CA7DE7771B}.Release|x86.Build.0 = Release|Any CPU
		{D00B5F20-17FE-215A-6D11-8299C055180F}.Debug|Any CPU.ActiveCfg = Debug|Any CPU
		{D00B5F20-17FE-215A-6D11-8299C055180F}.Debug|Any CPU.Build.0 = Debug|Any CPU
		{D00B5F20-17FE-215A-6D11-8299C055180F}.Debug|x64.ActiveCfg = Debug|Any CPU
		{D00B5F20-17FE-215A-6D11-8299C055180F}.Debug|x64.Build.0 = Debug|Any CPU
		{D00B5F20-17FE-215A-6D11-8299C055180F}.Debug|x86.ActiveCfg = Debug|Any CPU
		{D00B5F20-17FE-215A-6D11-8299C055180F}.Debug|x86.Build.0 = Debug|Any CPU
		{D00B5F20-17FE-215A-6D11-8299C055180F}.Release|Any CPU.ActiveCfg = Release|Any CPU
		{D00B5F20-17FE-215A-6D11-8299C055180F}.Release|Any CPU.Build.0 = Release|Any CPU
		{D00B5F20-17FE-215A-6D11-8299C055180F}.Release|x64.ActiveCfg = Release|Any CPU
		{D00B5F20-17FE-215A-6D11-8299C055180F}.Release|x64.Build.0 = Release|Any CPU
		{D00B5F20-17FE-215A-6D11-8299C055180F}.Release|x86.ActiveCfg = Release|Any CPU
		{D00B5F20-17FE-215A-6D11-8299C055180F}.Release|x86.Build.0 = Release|Any CPU
		{A40656F1-868E-4504-B16F-B1200CC546A2}.Debug|Any CPU.ActiveCfg = Debug|Any CPU
		{A40656F1-868E-4504-B16F-B1200CC546A2}.Debug|Any CPU.Build.0 = Debug|Any CPU
		{A40656F1-868E-4504-B16F-B1200CC546A2}.Debug|x64.ActiveCfg = Debug|Any CPU
		{A40656F1-868E-4504-B16F-B1200CC546A2}.Debug|x64.Build.0 = Debug|Any CPU
		{A40656F1-868E-4504-B16F-B1200CC546A2}.Debug|x86.ActiveCfg = Debug|Any CPU
		{A40656F1-868E-4504-B16F-B1200CC546A2}.Debug|x86.Build.0 = Debug|Any CPU
		{A40656F1-868E-4504-B16F-B1200CC546A2}.Release|Any CPU.ActiveCfg = Release|Any CPU
		{A40656F1-868E-4504-B16F-B1200CC546A2}.Release|Any CPU.Build.0 = Release|Any CPU
		{A40656F1-868E-4504-B16F-B1200CC546A2}.Release|x64.ActiveCfg = Release|Any CPU
		{A40656F1-868E-4504-B16F-B1200CC546A2}.Release|x64.Build.0 = Release|Any CPU
		{A40656F1-868E-4504-B16F-B1200CC546A2}.Release|x86.ActiveCfg = Release|Any CPU
		{A40656F1-868E-4504-B16F-B1200CC546A2}.Release|x86.Build.0 = Release|Any CPU
		{6A812AA6-D1FA-4C0A-960F-19D22BD4CE6E}.Debug|Any CPU.ActiveCfg = Debug|Any CPU
		{6A812AA6-D1FA-4C0A-960F-19D22BD4CE6E}.Debug|Any CPU.Build.0 = Debug|Any CPU
		{6A812AA6-D1FA-4C0A-960F-19D22BD4CE6E}.Debug|x64.ActiveCfg = Debug|Any CPU
		{6A812AA6-D1FA-4C0A-960F-19D22BD4CE6E}.Debug|x64.Build.0 = Debug|Any CPU
		{6A812AA6-D1FA-4C0A-960F-19D22BD4CE6E}.Debug|x86.ActiveCfg = Debug|Any CPU
		{6A812AA6-D1FA-4C0A-960F-19D22BD4CE6E}.Debug|x86.Build.0 = Debug|Any CPU
		{6A812AA6-D1FA-4C0A-960F-19D22BD4CE6E}.Release|Any CPU.ActiveCfg = Release|Any CPU
		{6A812AA6-D1FA-4C0A-960F-19D22BD4CE6E}.Release|Any CPU.Build.0 = Release|Any CPU
		{6A812AA6-D1FA-4C0A-960F-19D22BD4CE6E}.Release|x64.ActiveCfg = Release|Any CPU
		{6A812AA6-D1FA-4C0A-960F-19D22BD4CE6E}.Release|x64.Build.0 = Release|Any CPU
		{6A812AA6-D1FA-4C0A-960F-19D22BD4CE6E}.Release|x86.ActiveCfg = Release|Any CPU
		{6A812AA6-D1FA-4C0A-960F-19D22BD4CE6E}.Release|x86.Build.0 = Release|Any CPU
		{15EB4124-E99D-4A9C-B77A-5F7382105576}.Debug|Any CPU.ActiveCfg = Debug|Any CPU
		{15EB4124-E99D-4A9C-B77A-5F7382105576}.Debug|Any CPU.Build.0 = Debug|Any CPU
		{15EB4124-E99D-4A9C-B77A-5F7382105576}.Debug|x64.ActiveCfg = Debug|Any CPU
		{15EB4124-E99D-4A9C-B77A-5F7382105576}.Debug|x64.Build.0 = Debug|Any CPU
		{15EB4124-E99D-4A9C-B77A-5F7382105576}.Debug|x86.ActiveCfg = Debug|Any CPU
		{15EB4124-E99D-4A9C-B77A-5F7382105576}.Debug|x86.Build.0 = Debug|Any CPU
		{15EB4124-E99D-4A9C-B77A-5F7382105576}.Release|Any CPU.ActiveCfg = Release|Any CPU
		{15EB4124-E99D-4A9C-B77A-5F7382105576}.Release|Any CPU.Build.0 = Release|Any CPU
		{15EB4124-E99D-4A9C-B77A-5F7382105576}.Release|x64.ActiveCfg = Release|Any CPU
		{15EB4124-E99D-4A9C-B77A-5F7382105576}.Release|x64.Build.0 = Release|Any CPU
		{15EB4124-E99D-4A9C-B77A-5F7382105576}.Release|x86.ActiveCfg = Release|Any CPU
		{15EB4124-E99D-4A9C-B77A-5F7382105576}.Release|x86.Build.0 = Release|Any CPU
		{4D27FCFA-3936-4007-BDA3-355360191C3D}.Debug|Any CPU.ActiveCfg = Debug|Any CPU
		{4D27FCFA-3936-4007-BDA3-355360191C3D}.Debug|Any CPU.Build.0 = Debug|Any CPU
		{4D27FCFA-3936-4007-BDA3-355360191C3D}.Debug|x64.ActiveCfg = Debug|Any CPU
		{4D27FCFA-3936-4007-BDA3-355360191C3D}.Debug|x64.Build.0 = Debug|Any CPU
		{4D27FCFA-3936-4007-BDA3-355360191C3D}.Debug|x86.ActiveCfg = Debug|Any CPU
		{4D27FCFA-3936-4007-BDA3-355360191C3D}.Debug|x86.Build.0 = Debug|Any CPU
		{4D27FCFA-3936-4007-BDA3-355360191C3D}.Release|Any CPU.ActiveCfg = Release|Any CPU
		{4D27FCFA-3936-4007-BDA3-355360191C3D}.Release|Any CPU.Build.0 = Release|Any CPU
		{4D27FCFA-3936-4007-BDA3-355360191C3D}.Release|x64.ActiveCfg = Release|Any CPU
		{4D27FCFA-3936-4007-BDA3-355360191C3D}.Release|x64.Build.0 = Release|Any CPU
		{4D27FCFA-3936-4007-BDA3-355360191C3D}.Release|x86.ActiveCfg = Release|Any CPU
		{4D27FCFA-3936-4007-BDA3-355360191C3D}.Release|x86.Build.0 = Release|Any CPU
		{9772E8F3-CA39-45AB-BCB4-756AD0BA333D}.Debug|Any CPU.ActiveCfg = Debug|Any CPU
		{9772E8F3-CA39-45AB-BCB4-756AD0BA333D}.Debug|Any CPU.Build.0 = Debug|Any CPU
		{9772E8F3-CA39-45AB-BCB4-756AD0BA333D}.Debug|x64.ActiveCfg = Debug|Any CPU
		{9772E8F3-CA39-45AB-BCB4-756AD0BA333D}.Debug|x64.Build.0 = Debug|Any CPU
		{9772E8F3-CA39-45AB-BCB4-756AD0BA333D}.Debug|x86.ActiveCfg = Debug|Any CPU
		{9772E8F3-CA39-45AB-BCB4-756AD0BA333D}.Debug|x86.Build.0 = Debug|Any CPU
		{9772E8F3-CA39-45AB-BCB4-756AD0BA333D}.Release|Any CPU.ActiveCfg = Release|Any CPU
		{9772E8F3-CA39-45AB-BCB4-756AD0BA333D}.Release|Any CPU.Build.0 = Release|Any CPU
		{9772E8F3-CA39-45AB-BCB4-756AD0BA333D}.Release|x64.ActiveCfg = Release|Any CPU
		{9772E8F3-CA39-45AB-BCB4-756AD0BA333D}.Release|x64.Build.0 = Release|Any CPU
		{9772E8F3-CA39-45AB-BCB4-756AD0BA333D}.Release|x86.ActiveCfg = Release|Any CPU
		{9772E8F3-CA39-45AB-BCB4-756AD0BA333D}.Release|x86.Build.0 = Release|Any CPU
		{BC3C3446-B6C8-F46F-9DA2-39FA0D858F9C}.Debug|Any CPU.ActiveCfg = Debug|Any CPU
		{BC3C3446-B6C8-F46F-9DA2-39FA0D858F9C}.Debug|Any CPU.Build.0 = Debug|Any CPU
		{BC3C3446-B6C8-F46F-9DA2-39FA0D858F9C}.Debug|x64.ActiveCfg = Debug|Any CPU
		{BC3C3446-B6C8-F46F-9DA2-39FA0D858F9C}.Debug|x64.Build.0 = Debug|Any CPU
		{BC3C3446-B6C8-F46F-9DA2-39FA0D858F9C}.Debug|x86.ActiveCfg = Debug|Any CPU
		{BC3C3446-B6C8-F46F-9DA2-39FA0D858F9C}.Debug|x86.Build.0 = Debug|Any CPU
		{BC3C3446-B6C8-F46F-9DA2-39FA0D858F9C}.Release|Any CPU.ActiveCfg = Release|Any CPU
		{BC3C3446-B6C8-F46F-9DA2-39FA0D858F9C}.Release|Any CPU.Build.0 = Release|Any CPU
		{BC3C3446-B6C8-F46F-9DA2-39FA0D858F9C}.Release|x64.ActiveCfg = Release|Any CPU
		{BC3C3446-B6C8-F46F-9DA2-39FA0D858F9C}.Release|x64.Build.0 = Release|Any CPU
		{BC3C3446-B6C8-F46F-9DA2-39FA0D858F9C}.Release|x86.ActiveCfg = Release|Any CPU
		{BC3C3446-B6C8-F46F-9DA2-39FA0D858F9C}.Release|x86.Build.0 = Release|Any CPU
		{270F8B01-84AC-85B7-5BC7-48E1A2FE5CD8}.Debug|Any CPU.ActiveCfg = Debug|Any CPU
		{270F8B01-84AC-85B7-5BC7-48E1A2FE5CD8}.Debug|Any CPU.Build.0 = Debug|Any CPU
		{270F8B01-84AC-85B7-5BC7-48E1A2FE5CD8}.Debug|x64.ActiveCfg = Debug|Any CPU
		{270F8B01-84AC-85B7-5BC7-48E1A2FE5CD8}.Debug|x64.Build.0 = Debug|Any CPU
		{270F8B01-84AC-85B7-5BC7-48E1A2FE5CD8}.Debug|x86.ActiveCfg = Debug|Any CPU
		{270F8B01-84AC-85B7-5BC7-48E1A2FE5CD8}.Debug|x86.Build.0 = Debug|Any CPU
		{270F8B01-84AC-85B7-5BC7-48E1A2FE5CD8}.Release|Any CPU.ActiveCfg = Release|Any CPU
		{270F8B01-84AC-85B7-5BC7-48E1A2FE5CD8}.Release|Any CPU.Build.0 = Release|Any CPU
		{270F8B01-84AC-85B7-5BC7-48E1A2FE5CD8}.Release|x64.ActiveCfg = Release|Any CPU
		{270F8B01-84AC-85B7-5BC7-48E1A2FE5CD8}.Release|x64.Build.0 = Release|Any CPU
		{270F8B01-84AC-85B7-5BC7-48E1A2FE5CD8}.Release|x86.ActiveCfg = Release|Any CPU
		{270F8B01-84AC-85B7-5BC7-48E1A2FE5CD8}.Release|x86.Build.0 = Release|Any CPU
		{7BF784A9-A6A8-E3F6-3B5F-45D2BBCCB5DC}.Debug|Any CPU.ActiveCfg = Debug|Any CPU
		{7BF784A9-A6A8-E3F6-3B5F-45D2BBCCB5DC}.Debug|Any CPU.Build.0 = Debug|Any CPU
		{7BF784A9-A6A8-E3F6-3B5F-45D2BBCCB5DC}.Debug|x64.ActiveCfg = Debug|Any CPU
		{7BF784A9-A6A8-E3F6-3B5F-45D2BBCCB5DC}.Debug|x64.Build.0 = Debug|Any CPU
		{7BF784A9-A6A8-E3F6-3B5F-45D2BBCCB5DC}.Debug|x86.ActiveCfg = Debug|Any CPU
		{7BF784A9-A6A8-E3F6-3B5F-45D2BBCCB5DC}.Debug|x86.Build.0 = Debug|Any CPU
		{7BF784A9-A6A8-E3F6-3B5F-45D2BBCCB5DC}.Release|Any CPU.ActiveCfg = Release|Any CPU
		{7BF784A9-A6A8-E3F6-3B5F-45D2BBCCB5DC}.Release|Any CPU.Build.0 = Release|Any CPU
		{7BF784A9-A6A8-E3F6-3B5F-45D2BBCCB5DC}.Release|x64.ActiveCfg = Release|Any CPU
		{7BF784A9-A6A8-E3F6-3B5F-45D2BBCCB5DC}.Release|x64.Build.0 = Release|Any CPU
		{7BF784A9-A6A8-E3F6-3B5F-45D2BBCCB5DC}.Release|x86.ActiveCfg = Release|Any CPU
		{7BF784A9-A6A8-E3F6-3B5F-45D2BBCCB5DC}.Release|x86.Build.0 = Release|Any CPU
		{D6949FE7-0769-B8B0-8D62-E8013AD1A582}.Debug|Any CPU.ActiveCfg = Debug|Any CPU
		{D6949FE7-0769-B8B0-8D62-E8013AD1A582}.Debug|Any CPU.Build.0 = Debug|Any CPU
		{D6949FE7-0769-B8B0-8D62-E8013AD1A582}.Debug|x64.ActiveCfg = Debug|Any CPU
		{D6949FE7-0769-B8B0-8D62-E8013AD1A582}.Debug|x64.Build.0 = Debug|Any CPU
		{D6949FE7-0769-B8B0-8D62-E8013AD1A582}.Debug|x86.ActiveCfg = Debug|Any CPU
		{D6949FE7-0769-B8B0-8D62-E8013AD1A582}.Debug|x86.Build.0 = Debug|Any CPU
		{D6949FE7-0769-B8B0-8D62-E8013AD1A582}.Release|Any CPU.ActiveCfg = Release|Any CPU
		{D6949FE7-0769-B8B0-8D62-E8013AD1A582}.Release|Any CPU.Build.0 = Release|Any CPU
		{D6949FE7-0769-B8B0-8D62-E8013AD1A582}.Release|x64.ActiveCfg = Release|Any CPU
		{D6949FE7-0769-B8B0-8D62-E8013AD1A582}.Release|x64.Build.0 = Release|Any CPU
		{D6949FE7-0769-B8B0-8D62-E8013AD1A582}.Release|x86.ActiveCfg = Release|Any CPU
		{D6949FE7-0769-B8B0-8D62-E8013AD1A582}.Release|x86.Build.0 = Release|Any CPU
		{93CA1957-618C-F87B-8ACD-EF04FDBED794}.Debug|Any CPU.ActiveCfg = Debug|Any CPU
		{93CA1957-618C-F87B-8ACD-EF04FDBED794}.Debug|Any CPU.Build.0 = Debug|Any CPU
		{93CA1957-618C-F87B-8ACD-EF04FDBED794}.Debug|x64.ActiveCfg = Debug|Any CPU
		{93CA1957-618C-F87B-8ACD-EF04FDBED794}.Debug|x64.Build.0 = Debug|Any CPU
		{93CA1957-618C-F87B-8ACD-EF04FDBED794}.Debug|x86.ActiveCfg = Debug|Any CPU
		{93CA1957-618C-F87B-8ACD-EF04FDBED794}.Debug|x86.Build.0 = Debug|Any CPU
		{93CA1957-618C-F87B-8ACD-EF04FDBED794}.Release|Any CPU.ActiveCfg = Release|Any CPU
		{93CA1957-618C-F87B-8ACD-EF04FDBED794}.Release|Any CPU.Build.0 = Release|Any CPU
		{93CA1957-618C-F87B-8ACD-EF04FDBED794}.Release|x64.ActiveCfg = Release|Any CPU
		{93CA1957-618C-F87B-8ACD-EF04FDBED794}.Release|x64.Build.0 = Release|Any CPU
		{93CA1957-618C-F87B-8ACD-EF04FDBED794}.Release|x86.ActiveCfg = Release|Any CPU
		{93CA1957-618C-F87B-8ACD-EF04FDBED794}.Release|x86.Build.0 = Release|Any CPU
		{CB212EDE-452E-468D-4FF2-9607CAF9B24F}.Debug|Any CPU.ActiveCfg = Debug|Any CPU
		{CB212EDE-452E-468D-4FF2-9607CAF9B24F}.Debug|Any CPU.Build.0 = Debug|Any CPU
		{CB212EDE-452E-468D-4FF2-9607CAF9B24F}.Debug|x64.ActiveCfg = Debug|Any CPU
		{CB212EDE-452E-468D-4FF2-9607CAF9B24F}.Debug|x64.Build.0 = Debug|Any CPU
		{CB212EDE-452E-468D-4FF2-9607CAF9B24F}.Debug|x86.ActiveCfg = Debug|Any CPU
		{CB212EDE-452E-468D-4FF2-9607CAF9B24F}.Debug|x86.Build.0 = Debug|Any CPU
		{CB212EDE-452E-468D-4FF2-9607CAF9B24F}.Release|Any CPU.ActiveCfg = Release|Any CPU
		{CB212EDE-452E-468D-4FF2-9607CAF9B24F}.Release|Any CPU.Build.0 = Release|Any CPU
		{CB212EDE-452E-468D-4FF2-9607CAF9B24F}.Release|x64.ActiveCfg = Release|Any CPU
		{CB212EDE-452E-468D-4FF2-9607CAF9B24F}.Release|x64.Build.0 = Release|Any CPU
		{CB212EDE-452E-468D-4FF2-9607CAF9B24F}.Release|x86.ActiveCfg = Release|Any CPU
		{CB212EDE-452E-468D-4FF2-9607CAF9B24F}.Release|x86.Build.0 = Release|Any CPU
		{B83EA6F8-F544-8EB5-349E-4AC507CD0BD2}.Debug|Any CPU.ActiveCfg = Debug|Any CPU
		{B83EA6F8-F544-8EB5-349E-4AC507CD0BD2}.Debug|Any CPU.Build.0 = Debug|Any CPU
		{B83EA6F8-F544-8EB5-349E-4AC507CD0BD2}.Debug|x64.ActiveCfg = Debug|Any CPU
		{B83EA6F8-F544-8EB5-349E-4AC507CD0BD2}.Debug|x64.Build.0 = Debug|Any CPU
		{B83EA6F8-F544-8EB5-349E-4AC507CD0BD2}.Debug|x86.ActiveCfg = Debug|Any CPU
		{B83EA6F8-F544-8EB5-349E-4AC507CD0BD2}.Debug|x86.Build.0 = Debug|Any CPU
		{B83EA6F8-F544-8EB5-349E-4AC507CD0BD2}.Release|Any CPU.ActiveCfg = Release|Any CPU
		{B83EA6F8-F544-8EB5-349E-4AC507CD0BD2}.Release|Any CPU.Build.0 = Release|Any CPU
		{B83EA6F8-F544-8EB5-349E-4AC507CD0BD2}.Release|x64.ActiveCfg = Release|Any CPU
		{B83EA6F8-F544-8EB5-349E-4AC507CD0BD2}.Release|x64.Build.0 = Release|Any CPU
		{B83EA6F8-F544-8EB5-349E-4AC507CD0BD2}.Release|x86.ActiveCfg = Release|Any CPU
		{B83EA6F8-F544-8EB5-349E-4AC507CD0BD2}.Release|x86.Build.0 = Release|Any CPU
		{7B146605-27D0-3A41-7CA8-2EFD5F510BBF}.Debug|Any CPU.ActiveCfg = Debug|Any CPU
		{7B146605-27D0-3A41-7CA8-2EFD5F510BBF}.Debug|Any CPU.Build.0 = Debug|Any CPU
		{7B146605-27D0-3A41-7CA8-2EFD5F510BBF}.Debug|x64.ActiveCfg = Debug|Any CPU
		{7B146605-27D0-3A41-7CA8-2EFD5F510BBF}.Debug|x64.Build.0 = Debug|Any CPU
		{7B146605-27D0-3A41-7CA8-2EFD5F510BBF}.Debug|x86.ActiveCfg = Debug|Any CPU
		{7B146605-27D0-3A41-7CA8-2EFD5F510BBF}.Debug|x86.Build.0 = Debug|Any CPU
		{7B146605-27D0-3A41-7CA8-2EFD5F510BBF}.Release|Any CPU.ActiveCfg = Release|Any CPU
		{7B146605-27D0-3A41-7CA8-2EFD5F510BBF}.Release|Any CPU.Build.0 = Release|Any CPU
		{7B146605-27D0-3A41-7CA8-2EFD5F510BBF}.Release|x64.ActiveCfg = Release|Any CPU
		{7B146605-27D0-3A41-7CA8-2EFD5F510BBF}.Release|x64.Build.0 = Release|Any CPU
		{7B146605-27D0-3A41-7CA8-2EFD5F510BBF}.Release|x86.ActiveCfg = Release|Any CPU
		{7B146605-27D0-3A41-7CA8-2EFD5F510BBF}.Release|x86.Build.0 = Release|Any CPU
		{BA34D6F9-3FA0-6FEA-783A-DC67BADFC39C}.Debug|Any CPU.ActiveCfg = Debug|Any CPU
		{BA34D6F9-3FA0-6FEA-783A-DC67BADFC39C}.Debug|Any CPU.Build.0 = Debug|Any CPU
		{BA34D6F9-3FA0-6FEA-783A-DC67BADFC39C}.Debug|x64.ActiveCfg = Debug|Any CPU
		{BA34D6F9-3FA0-6FEA-783A-DC67BADFC39C}.Debug|x64.Build.0 = Debug|Any CPU
		{BA34D6F9-3FA0-6FEA-783A-DC67BADFC39C}.Debug|x86.ActiveCfg = Debug|Any CPU
		{BA34D6F9-3FA0-6FEA-783A-DC67BADFC39C}.Debug|x86.Build.0 = Debug|Any CPU
		{BA34D6F9-3FA0-6FEA-783A-DC67BADFC39C}.Release|Any CPU.ActiveCfg = Release|Any CPU
		{BA34D6F9-3FA0-6FEA-783A-DC67BADFC39C}.Release|Any CPU.Build.0 = Release|Any CPU
		{BA34D6F9-3FA0-6FEA-783A-DC67BADFC39C}.Release|x64.ActiveCfg = Release|Any CPU
		{BA34D6F9-3FA0-6FEA-783A-DC67BADFC39C}.Release|x64.Build.0 = Release|Any CPU
		{BA34D6F9-3FA0-6FEA-783A-DC67BADFC39C}.Release|x86.ActiveCfg = Release|Any CPU
		{BA34D6F9-3FA0-6FEA-783A-DC67BADFC39C}.Release|x86.Build.0 = Release|Any CPU
		{E7DDEDFF-C698-4D98-47B9-45B1FB2A6052}.Debug|Any CPU.ActiveCfg = Debug|Any CPU
		{E7DDEDFF-C698-4D98-47B9-45B1FB2A6052}.Debug|Any CPU.Build.0 = Debug|Any CPU
		{E7DDEDFF-C698-4D98-47B9-45B1FB2A6052}.Debug|x64.ActiveCfg = Debug|Any CPU
		{E7DDEDFF-C698-4D98-47B9-45B1FB2A6052}.Debug|x64.Build.0 = Debug|Any CPU
		{E7DDEDFF-C698-4D98-47B9-45B1FB2A6052}.Debug|x86.ActiveCfg = Debug|Any CPU
		{E7DDEDFF-C698-4D98-47B9-45B1FB2A6052}.Debug|x86.Build.0 = Debug|Any CPU
		{E7DDEDFF-C698-4D98-47B9-45B1FB2A6052}.Release|Any CPU.ActiveCfg = Release|Any CPU
		{E7DDEDFF-C698-4D98-47B9-45B1FB2A6052}.Release|Any CPU.Build.0 = Release|Any CPU
		{E7DDEDFF-C698-4D98-47B9-45B1FB2A6052}.Release|x64.ActiveCfg = Release|Any CPU
		{E7DDEDFF-C698-4D98-47B9-45B1FB2A6052}.Release|x64.Build.0 = Release|Any CPU
		{E7DDEDFF-C698-4D98-47B9-45B1FB2A6052}.Release|x86.ActiveCfg = Release|Any CPU
		{E7DDEDFF-C698-4D98-47B9-45B1FB2A6052}.Release|x86.Build.0 = Release|Any CPU
		{274D5632-7D14-E985-AA41-13826A532431}.Debug|Any CPU.ActiveCfg = Debug|Any CPU
		{274D5632-7D14-E985-AA41-13826A532431}.Debug|Any CPU.Build.0 = Debug|Any CPU
		{274D5632-7D14-E985-AA41-13826A532431}.Debug|x64.ActiveCfg = Debug|Any CPU
		{274D5632-7D14-E985-AA41-13826A532431}.Debug|x64.Build.0 = Debug|Any CPU
		{274D5632-7D14-E985-AA41-13826A532431}.Debug|x86.ActiveCfg = Debug|Any CPU
		{274D5632-7D14-E985-AA41-13826A532431}.Debug|x86.Build.0 = Debug|Any CPU
		{274D5632-7D14-E985-AA41-13826A532431}.Release|Any CPU.ActiveCfg = Release|Any CPU
		{274D5632-7D14-E985-AA41-13826A532431}.Release|Any CPU.Build.0 = Release|Any CPU
		{274D5632-7D14-E985-AA41-13826A532431}.Release|x64.ActiveCfg = Release|Any CPU
		{274D5632-7D14-E985-AA41-13826A532431}.Release|x64.Build.0 = Release|Any CPU
		{274D5632-7D14-E985-AA41-13826A532431}.Release|x86.ActiveCfg = Release|Any CPU
		{274D5632-7D14-E985-AA41-13826A532431}.Release|x86.Build.0 = Release|Any CPU
		{BA75AC60-E470-CA34-4FDD-0C57E2328F16}.Debug|Any CPU.ActiveCfg = Debug|Any CPU
		{BA75AC60-E470-CA34-4FDD-0C57E2328F16}.Debug|Any CPU.Build.0 = Debug|Any CPU
		{BA75AC60-E470-CA34-4FDD-0C57E2328F16}.Debug|x64.ActiveCfg = Debug|Any CPU
		{BA75AC60-E470-CA34-4FDD-0C57E2328F16}.Debug|x64.Build.0 = Debug|Any CPU
		{BA75AC60-E470-CA34-4FDD-0C57E2328F16}.Debug|x86.ActiveCfg = Debug|Any CPU
		{BA75AC60-E470-CA34-4FDD-0C57E2328F16}.Debug|x86.Build.0 = Debug|Any CPU
		{BA75AC60-E470-CA34-4FDD-0C57E2328F16}.Release|Any CPU.ActiveCfg = Release|Any CPU
		{BA75AC60-E470-CA34-4FDD-0C57E2328F16}.Release|Any CPU.Build.0 = Release|Any CPU
		{BA75AC60-E470-CA34-4FDD-0C57E2328F16}.Release|x64.ActiveCfg = Release|Any CPU
		{BA75AC60-E470-CA34-4FDD-0C57E2328F16}.Release|x64.Build.0 = Release|Any CPU
		{BA75AC60-E470-CA34-4FDD-0C57E2328F16}.Release|x86.ActiveCfg = Release|Any CPU
		{BA75AC60-E470-CA34-4FDD-0C57E2328F16}.Release|x86.Build.0 = Release|Any CPU
		{B3CA0FD9-04E2-4CAC-97EC-71DFF730685C}.Debug|Any CPU.ActiveCfg = Debug|Any CPU
		{B3CA0FD9-04E2-4CAC-97EC-71DFF730685C}.Debug|Any CPU.Build.0 = Debug|Any CPU
		{B3CA0FD9-04E2-4CAC-97EC-71DFF730685C}.Debug|x64.ActiveCfg = Debug|Any CPU
		{B3CA0FD9-04E2-4CAC-97EC-71DFF730685C}.Debug|x64.Build.0 = Debug|Any CPU
		{B3CA0FD9-04E2-4CAC-97EC-71DFF730685C}.Debug|x86.ActiveCfg = Debug|Any CPU
		{B3CA0FD9-04E2-4CAC-97EC-71DFF730685C}.Debug|x86.Build.0 = Debug|Any CPU
		{B3CA0FD9-04E2-4CAC-97EC-71DFF730685C}.Release|Any CPU.ActiveCfg = Release|Any CPU
		{B3CA0FD9-04E2-4CAC-97EC-71DFF730685C}.Release|Any CPU.Build.0 = Release|Any CPU
		{B3CA0FD9-04E2-4CAC-97EC-71DFF730685C}.Release|x64.ActiveCfg = Release|Any CPU
		{B3CA0FD9-04E2-4CAC-97EC-71DFF730685C}.Release|x64.Build.0 = Release|Any CPU
		{B3CA0FD9-04E2-4CAC-97EC-71DFF730685C}.Release|x86.ActiveCfg = Release|Any CPU
		{B3CA0FD9-04E2-4CAC-97EC-71DFF730685C}.Release|x86.Build.0 = Release|Any CPU
		{49991BC5-B084-462A-9CF7-0DD5D2729832}.Debug|Any CPU.ActiveCfg = Debug|Any CPU
		{49991BC5-B084-462A-9CF7-0DD5D2729832}.Debug|Any CPU.Build.0 = Debug|Any CPU
		{49991BC5-B084-462A-9CF7-0DD5D2729832}.Debug|x64.ActiveCfg = Debug|Any CPU
		{49991BC5-B084-462A-9CF7-0DD5D2729832}.Debug|x64.Build.0 = Debug|Any CPU
		{49991BC5-B084-462A-9CF7-0DD5D2729832}.Debug|x86.ActiveCfg = Debug|Any CPU
		{49991BC5-B084-462A-9CF7-0DD5D2729832}.Debug|x86.Build.0 = Debug|Any CPU
		{49991BC5-B084-462A-9CF7-0DD5D2729832}.Release|Any CPU.ActiveCfg = Release|Any CPU
		{49991BC5-B084-462A-9CF7-0DD5D2729832}.Release|Any CPU.Build.0 = Release|Any CPU
		{49991BC5-B084-462A-9CF7-0DD5D2729832}.Release|x64.ActiveCfg = Release|Any CPU
		{49991BC5-B084-462A-9CF7-0DD5D2729832}.Release|x64.Build.0 = Release|Any CPU
		{49991BC5-B084-462A-9CF7-0DD5D2729832}.Release|x86.ActiveCfg = Release|Any CPU
		{49991BC5-B084-462A-9CF7-0DD5D2729832}.Release|x86.Build.0 = Release|Any CPU
		{DA755907-00FE-39E5-405B-8AF3120FE908}.Debug|Any CPU.ActiveCfg = Debug|Any CPU
		{DA755907-00FE-39E5-405B-8AF3120FE908}.Debug|Any CPU.Build.0 = Debug|Any CPU
		{DA755907-00FE-39E5-405B-8AF3120FE908}.Debug|x64.ActiveCfg = Debug|Any CPU
		{DA755907-00FE-39E5-405B-8AF3120FE908}.Debug|x64.Build.0 = Debug|Any CPU
		{DA755907-00FE-39E5-405B-8AF3120FE908}.Debug|x86.ActiveCfg = Debug|Any CPU
		{DA755907-00FE-39E5-405B-8AF3120FE908}.Debug|x86.Build.0 = Debug|Any CPU
		{DA755907-00FE-39E5-405B-8AF3120FE908}.Release|Any CPU.ActiveCfg = Release|Any CPU
		{DA755907-00FE-39E5-405B-8AF3120FE908}.Release|Any CPU.Build.0 = Release|Any CPU
		{DA755907-00FE-39E5-405B-8AF3120FE908}.Release|x64.ActiveCfg = Release|Any CPU
		{DA755907-00FE-39E5-405B-8AF3120FE908}.Release|x64.Build.0 = Release|Any CPU
		{DA755907-00FE-39E5-405B-8AF3120FE908}.Release|x86.ActiveCfg = Release|Any CPU
		{DA755907-00FE-39E5-405B-8AF3120FE908}.Release|x86.Build.0 = Release|Any CPU
		{5E51DA30-3394-4C83-932C-08D0C30BC472}.Debug|Any CPU.ActiveCfg = Debug|Any CPU
		{5E51DA30-3394-4C83-932C-08D0C30BC472}.Debug|Any CPU.Build.0 = Debug|Any CPU
		{5E51DA30-3394-4C83-932C-08D0C30BC472}.Debug|x64.ActiveCfg = Debug|Any CPU
		{5E51DA30-3394-4C83-932C-08D0C30BC472}.Debug|x64.Build.0 = Debug|Any CPU
		{5E51DA30-3394-4C83-932C-08D0C30BC472}.Debug|x86.ActiveCfg = Debug|Any CPU
		{5E51DA30-3394-4C83-932C-08D0C30BC472}.Debug|x86.Build.0 = Debug|Any CPU
		{5E51DA30-3394-4C83-932C-08D0C30BC472}.Release|Any CPU.ActiveCfg = Release|Any CPU
		{5E51DA30-3394-4C83-932C-08D0C30BC472}.Release|Any CPU.Build.0 = Release|Any CPU
		{5E51DA30-3394-4C83-932C-08D0C30BC472}.Release|x64.ActiveCfg = Release|Any CPU
		{5E51DA30-3394-4C83-932C-08D0C30BC472}.Release|x64.Build.0 = Release|Any CPU
		{5E51DA30-3394-4C83-932C-08D0C30BC472}.Release|x86.ActiveCfg = Release|Any CPU
		{5E51DA30-3394-4C83-932C-08D0C30BC472}.Release|x86.Build.0 = Release|Any CPU
		{598645F7-71C6-4A12-9C61-E03EEA7B4A27}.Debug|Any CPU.ActiveCfg = Debug|Any CPU
		{598645F7-71C6-4A12-9C61-E03EEA7B4A27}.Debug|Any CPU.Build.0 = Debug|Any CPU
		{598645F7-71C6-4A12-9C61-E03EEA7B4A27}.Debug|x64.ActiveCfg = Debug|Any CPU
		{598645F7-71C6-4A12-9C61-E03EEA7B4A27}.Debug|x64.Build.0 = Debug|Any CPU
		{598645F7-71C6-4A12-9C61-E03EEA7B4A27}.Debug|x86.ActiveCfg = Debug|Any CPU
		{598645F7-71C6-4A12-9C61-E03EEA7B4A27}.Debug|x86.Build.0 = Debug|Any CPU
		{598645F7-71C6-4A12-9C61-E03EEA7B4A27}.Release|Any CPU.ActiveCfg = Release|Any CPU
		{598645F7-71C6-4A12-9C61-E03EEA7B4A27}.Release|Any CPU.Build.0 = Release|Any CPU
		{598645F7-71C6-4A12-9C61-E03EEA7B4A27}.Release|x64.ActiveCfg = Release|Any CPU
		{598645F7-71C6-4A12-9C61-E03EEA7B4A27}.Release|x64.Build.0 = Release|Any CPU
		{598645F7-71C6-4A12-9C61-E03EEA7B4A27}.Release|x86.ActiveCfg = Release|Any CPU
		{598645F7-71C6-4A12-9C61-E03EEA7B4A27}.Release|x86.Build.0 = Release|Any CPU
		{103AAC20-A242-4201-828D-0894C6005C08}.Debug|Any CPU.ActiveCfg = Debug|Any CPU
		{103AAC20-A242-4201-828D-0894C6005C08}.Debug|Any CPU.Build.0 = Debug|Any CPU
		{103AAC20-A242-4201-828D-0894C6005C08}.Debug|x64.ActiveCfg = Debug|Any CPU
		{103AAC20-A242-4201-828D-0894C6005C08}.Debug|x64.Build.0 = Debug|Any CPU
		{103AAC20-A242-4201-828D-0894C6005C08}.Debug|x86.ActiveCfg = Debug|Any CPU
		{103AAC20-A242-4201-828D-0894C6005C08}.Debug|x86.Build.0 = Debug|Any CPU
		{103AAC20-A242-4201-828D-0894C6005C08}.Release|Any CPU.ActiveCfg = Release|Any CPU
		{103AAC20-A242-4201-828D-0894C6005C08}.Release|Any CPU.Build.0 = Release|Any CPU
		{103AAC20-A242-4201-828D-0894C6005C08}.Release|x64.ActiveCfg = Release|Any CPU
		{103AAC20-A242-4201-828D-0894C6005C08}.Release|x64.Build.0 = Release|Any CPU
		{103AAC20-A242-4201-828D-0894C6005C08}.Release|x86.ActiveCfg = Release|Any CPU
		{103AAC20-A242-4201-828D-0894C6005C08}.Release|x86.Build.0 = Release|Any CPU
		{3A828F99-AE8E-4B09-A28E-31E7CC7F8766}.Debug|Any CPU.ActiveCfg = Debug|Any CPU
		{3A828F99-AE8E-4B09-A28E-31E7CC7F8766}.Debug|Any CPU.Build.0 = Debug|Any CPU
		{3A828F99-AE8E-4B09-A28E-31E7CC7F8766}.Debug|x64.ActiveCfg = Debug|Any CPU
		{3A828F99-AE8E-4B09-A28E-31E7CC7F8766}.Debug|x64.Build.0 = Debug|Any CPU
		{3A828F99-AE8E-4B09-A28E-31E7CC7F8766}.Debug|x86.ActiveCfg = Debug|Any CPU
		{3A828F99-AE8E-4B09-A28E-31E7CC7F8766}.Debug|x86.Build.0 = Debug|Any CPU
		{3A828F99-AE8E-4B09-A28E-31E7CC7F8766}.Release|Any CPU.ActiveCfg = Release|Any CPU
		{3A828F99-AE8E-4B09-A28E-31E7CC7F8766}.Release|Any CPU.Build.0 = Release|Any CPU
		{3A828F99-AE8E-4B09-A28E-31E7CC7F8766}.Release|x64.ActiveCfg = Release|Any CPU
		{3A828F99-AE8E-4B09-A28E-31E7CC7F8766}.Release|x64.Build.0 = Release|Any CPU
		{3A828F99-AE8E-4B09-A28E-31E7CC7F8766}.Release|x86.ActiveCfg = Release|Any CPU
		{3A828F99-AE8E-4B09-A28E-31E7CC7F8766}.Release|x86.Build.0 = Release|Any CPU
		{14845F43-E514-494A-B0AC-539EE7112C8A}.Debug|Any CPU.ActiveCfg = Debug|Any CPU
		{14845F43-E514-494A-B0AC-539EE7112C8A}.Debug|Any CPU.Build.0 = Debug|Any CPU
		{14845F43-E514-494A-B0AC-539EE7112C8A}.Debug|x64.ActiveCfg = Debug|Any CPU
		{14845F43-E514-494A-B0AC-539EE7112C8A}.Debug|x64.Build.0 = Debug|Any CPU
		{14845F43-E514-494A-B0AC-539EE7112C8A}.Debug|x86.ActiveCfg = Debug|Any CPU
		{14845F43-E514-494A-B0AC-539EE7112C8A}.Debug|x86.Build.0 = Debug|Any CPU
		{14845F43-E514-494A-B0AC-539EE7112C8A}.Release|Any CPU.ActiveCfg = Release|Any CPU
		{14845F43-E514-494A-B0AC-539EE7112C8A}.Release|Any CPU.Build.0 = Release|Any CPU
		{14845F43-E514-494A-B0AC-539EE7112C8A}.Release|x64.ActiveCfg = Release|Any CPU
		{14845F43-E514-494A-B0AC-539EE7112C8A}.Release|x64.Build.0 = Release|Any CPU
		{14845F43-E514-494A-B0AC-539EE7112C8A}.Release|x86.ActiveCfg = Release|Any CPU
		{14845F43-E514-494A-B0AC-539EE7112C8A}.Release|x86.Build.0 = Release|Any CPU
		{74B74258-2047-46EA-A6B8-CC5955BE1F57}.Debug|Any CPU.ActiveCfg = Debug|Any CPU
		{74B74258-2047-46EA-A6B8-CC5955BE1F57}.Debug|Any CPU.Build.0 = Debug|Any CPU
		{74B74258-2047-46EA-A6B8-CC5955BE1F57}.Debug|x64.ActiveCfg = Debug|Any CPU
		{74B74258-2047-46EA-A6B8-CC5955BE1F57}.Debug|x64.Build.0 = Debug|Any CPU
		{74B74258-2047-46EA-A6B8-CC5955BE1F57}.Debug|x86.ActiveCfg = Debug|Any CPU
		{74B74258-2047-46EA-A6B8-CC5955BE1F57}.Debug|x86.Build.0 = Debug|Any CPU
		{74B74258-2047-46EA-A6B8-CC5955BE1F57}.Release|Any CPU.ActiveCfg = Release|Any CPU
		{74B74258-2047-46EA-A6B8-CC5955BE1F57}.Release|Any CPU.Build.0 = Release|Any CPU
		{74B74258-2047-46EA-A6B8-CC5955BE1F57}.Release|x64.ActiveCfg = Release|Any CPU
		{74B74258-2047-46EA-A6B8-CC5955BE1F57}.Release|x64.Build.0 = Release|Any CPU
		{74B74258-2047-46EA-A6B8-CC5955BE1F57}.Release|x86.ActiveCfg = Release|Any CPU
		{74B74258-2047-46EA-A6B8-CC5955BE1F57}.Release|x86.Build.0 = Release|Any CPU
		{DA695EE7-9530-478B-B61B-E93BD1AA37DF}.Debug|Any CPU.ActiveCfg = Debug|Any CPU
		{DA695EE7-9530-478B-B61B-E93BD1AA37DF}.Debug|Any CPU.Build.0 = Debug|Any CPU
		{DA695EE7-9530-478B-B61B-E93BD1AA37DF}.Debug|x64.ActiveCfg = Debug|Any CPU
		{DA695EE7-9530-478B-B61B-E93BD1AA37DF}.Debug|x64.Build.0 = Debug|Any CPU
		{DA695EE7-9530-478B-B61B-E93BD1AA37DF}.Debug|x86.ActiveCfg = Debug|Any CPU
		{DA695EE7-9530-478B-B61B-E93BD1AA37DF}.Debug|x86.Build.0 = Debug|Any CPU
		{DA695EE7-9530-478B-B61B-E93BD1AA37DF}.Release|Any CPU.ActiveCfg = Release|Any CPU
		{DA695EE7-9530-478B-B61B-E93BD1AA37DF}.Release|Any CPU.Build.0 = Release|Any CPU
		{DA695EE7-9530-478B-B61B-E93BD1AA37DF}.Release|x64.ActiveCfg = Release|Any CPU
		{DA695EE7-9530-478B-B61B-E93BD1AA37DF}.Release|x64.Build.0 = Release|Any CPU
		{DA695EE7-9530-478B-B61B-E93BD1AA37DF}.Release|x86.ActiveCfg = Release|Any CPU
		{DA695EE7-9530-478B-B61B-E93BD1AA37DF}.Release|x86.Build.0 = Release|Any CPU
		{6B1D80FD-D69C-4728-BDE1-9533151675FA}.Debug|Any CPU.ActiveCfg = Debug|Any CPU
		{6B1D80FD-D69C-4728-BDE1-9533151675FA}.Debug|Any CPU.Build.0 = Debug|Any CPU
		{6B1D80FD-D69C-4728-BDE1-9533151675FA}.Debug|x64.ActiveCfg = Debug|Any CPU
		{6B1D80FD-D69C-4728-BDE1-9533151675FA}.Debug|x64.Build.0 = Debug|Any CPU
		{6B1D80FD-D69C-4728-BDE1-9533151675FA}.Debug|x86.ActiveCfg = Debug|Any CPU
		{6B1D80FD-D69C-4728-BDE1-9533151675FA}.Debug|x86.Build.0 = Debug|Any CPU
		{6B1D80FD-D69C-4728-BDE1-9533151675FA}.Release|Any CPU.ActiveCfg = Release|Any CPU
		{6B1D80FD-D69C-4728-BDE1-9533151675FA}.Release|Any CPU.Build.0 = Release|Any CPU
		{6B1D80FD-D69C-4728-BDE1-9533151675FA}.Release|x64.ActiveCfg = Release|Any CPU
		{6B1D80FD-D69C-4728-BDE1-9533151675FA}.Release|x64.Build.0 = Release|Any CPU
		{6B1D80FD-D69C-4728-BDE1-9533151675FA}.Release|x86.ActiveCfg = Release|Any CPU
		{6B1D80FD-D69C-4728-BDE1-9533151675FA}.Release|x86.Build.0 = Release|Any CPU
		{1C5D1101-BA7D-4B78-8683-46C49AA58D2F}.Debug|Any CPU.ActiveCfg = Debug|Any CPU
		{1C5D1101-BA7D-4B78-8683-46C49AA58D2F}.Debug|Any CPU.Build.0 = Debug|Any CPU
		{1C5D1101-BA7D-4B78-8683-46C49AA58D2F}.Debug|x64.ActiveCfg = Debug|Any CPU
		{1C5D1101-BA7D-4B78-8683-46C49AA58D2F}.Debug|x64.Build.0 = Debug|Any CPU
		{1C5D1101-BA7D-4B78-8683-46C49AA58D2F}.Debug|x86.ActiveCfg = Debug|Any CPU
		{1C5D1101-BA7D-4B78-8683-46C49AA58D2F}.Debug|x86.Build.0 = Debug|Any CPU
		{1C5D1101-BA7D-4B78-8683-46C49AA58D2F}.Release|Any CPU.ActiveCfg = Release|Any CPU
		{1C5D1101-BA7D-4B78-8683-46C49AA58D2F}.Release|Any CPU.Build.0 = Release|Any CPU
		{1C5D1101-BA7D-4B78-8683-46C49AA58D2F}.Release|x64.ActiveCfg = Release|Any CPU
		{1C5D1101-BA7D-4B78-8683-46C49AA58D2F}.Release|x64.Build.0 = Release|Any CPU
		{1C5D1101-BA7D-4B78-8683-46C49AA58D2F}.Release|x86.ActiveCfg = Release|Any CPU
		{1C5D1101-BA7D-4B78-8683-46C49AA58D2F}.Release|x86.Build.0 = Release|Any CPU
		{4F597664-A607-4260-90C9-0755E1522CF7}.Debug|Any CPU.ActiveCfg = Debug|Any CPU
		{4F597664-A607-4260-90C9-0755E1522CF7}.Debug|Any CPU.Build.0 = Debug|Any CPU
		{4F597664-A607-4260-90C9-0755E1522CF7}.Debug|x64.ActiveCfg = Debug|Any CPU
		{4F597664-A607-4260-90C9-0755E1522CF7}.Debug|x64.Build.0 = Debug|Any CPU
		{4F597664-A607-4260-90C9-0755E1522CF7}.Debug|x86.ActiveCfg = Debug|Any CPU
		{4F597664-A607-4260-90C9-0755E1522CF7}.Debug|x86.Build.0 = Debug|Any CPU
		{4F597664-A607-4260-90C9-0755E1522CF7}.Release|Any CPU.ActiveCfg = Release|Any CPU
		{4F597664-A607-4260-90C9-0755E1522CF7}.Release|Any CPU.Build.0 = Release|Any CPU
		{4F597664-A607-4260-90C9-0755E1522CF7}.Release|x64.ActiveCfg = Release|Any CPU
		{4F597664-A607-4260-90C9-0755E1522CF7}.Release|x64.Build.0 = Release|Any CPU
		{4F597664-A607-4260-90C9-0755E1522CF7}.Release|x86.ActiveCfg = Release|Any CPU
		{4F597664-A607-4260-90C9-0755E1522CF7}.Release|x86.Build.0 = Release|Any CPU
	EndGlobalSection
	GlobalSection(SolutionProperties) = preSolution
		HideSolutionNode = FALSE
	EndGlobalSection
	GlobalSection(ExtensibilityGlobals) = postSolution
		SolutionGuid = {C6D18A4C-CB51-4759-ABA4-B4A95EF148EB}
	EndGlobalSection
EndGlobal
